// !$*UTF8*$!
{
	archiveVersion = 1;
	classes = {
	};
	objectVersion = 56;
	objects = {

/* Begin PBXBuildFile section */
		7E2863592C59093B00B87572 /* GrckiKinoTests.swift in Sources */ = {isa = PBXBuildFile; fileRef = 7E2863582C59093B00B87572 /* GrckiKinoTests.swift */; };
		7E3648482C59A77500D7052B /* RswiftLibrary in Frameworks */ = {isa = PBXBuildFile; productRef = 7E3648472C59A77500D7052B /* RswiftLibrary */; };
		7E876E922C4BDA7300784B9D /* OddsView.swift in Sources */ = {isa = PBXBuildFile; fileRef = 7E876E912C4BDA7300784B9D /* OddsView.swift */; };
		7EB469522C4D8AF200241341 /* OddsBubbleView.swift in Sources */ = {isa = PBXBuildFile; fileRef = 7EB469512C4D8AF200241341 /* OddsBubbleView.swift */; };
		7EB469552C4DA81C00241341 /* WebView.swift in Sources */ = {isa = PBXBuildFile; fileRef = 7EB469542C4DA81C00241341 /* WebView.swift */; };
		7EBE9BFC2C4AD06A00C1989F /* GameRepository.swift in Sources */ = {isa = PBXBuildFile; fileRef = 7EBE9BFB2C4AD06A00C1989F /* GameRepository.swift */; };
		7EBE9BFE2C4AD07500C1989F /* GameDependency.swift in Sources */ = {isa = PBXBuildFile; fileRef = 7EBE9BFD2C4AD07500C1989F /* GameDependency.swift */; };
		7EBE9C002C4AD08100C1989F /* GameCoordinator.swift in Sources */ = {isa = PBXBuildFile; fileRef = 7EBE9BFF2C4AD08100C1989F /* GameCoordinator.swift */; };
		7EBE9C022C4AD0AC00C1989F /* GameView.swift in Sources */ = {isa = PBXBuildFile; fileRef = 7EBE9C012C4AD0AC00C1989F /* GameView.swift */; };
		7EBE9C052C4ADEBE00C1989F /* GameViewModel.swift in Sources */ = {isa = PBXBuildFile; fileRef = 7EBE9C042C4ADEBE00C1989F /* GameViewModel.swift */; };
		7EBE9C082C4AE05E00C1989F /* LiveDrawView.swift in Sources */ = {isa = PBXBuildFile; fileRef = 7EBE9C072C4AE05E00C1989F /* LiveDrawView.swift */; };
		7EBE9C0B2C4AE08900C1989F /* ResultsView.swift in Sources */ = {isa = PBXBuildFile; fileRef = 7EBE9C0A2C4AE08900C1989F /* ResultsView.swift */; };
		7EBE9C0D2C4AE0A800C1989F /* PlayTableView.swift in Sources */ = {isa = PBXBuildFile; fileRef = 7EBE9C0C2C4AE0A800C1989F /* PlayTableView.swift */; };
		7EBE9C0F2C4AE14800C1989F /* InsettableShapes.swift in Sources */ = {isa = PBXBuildFile; fileRef = 7EBE9C0E2C4AE14800C1989F /* InsettableShapes.swift */; };
		7EBE9C112C4AE18000C1989F /* PlayTableCircle.swift in Sources */ = {isa = PBXBuildFile; fileRef = 7EBE9C102C4AE18000C1989F /* PlayTableCircle.swift */; };
		7EBE9C132C4B0F2A00C1989F /* Utility.swift in Sources */ = {isa = PBXBuildFile; fileRef = 7EBE9C122C4B0F2A00C1989F /* Utility.swift */; };
		7EBE9C172C4B1B8100C1989F /* AlertToast in Frameworks */ = {isa = PBXBuildFile; productRef = 7EBE9C162C4B1B8100C1989F /* AlertToast */; };
		7EBE9C1A2C4B398300C1989F /* PlayView.swift in Sources */ = {isa = PBXBuildFile; fileRef = 7EBE9C192C4B398300C1989F /* PlayView.swift */; };
		7EBE9C1E2C4B3BF100C1989F /* PlayViewModel.swift in Sources */ = {isa = PBXBuildFile; fileRef = 7EBE9C1D2C4B3BF100C1989F /* PlayViewModel.swift */; };
		7EBE9C212C4B3EE400C1989F /* Odd.swift in Sources */ = {isa = PBXBuildFile; fileRef = 7EBE9C202C4B3EE400C1989F /* Odd.swift */; };
		7EBE9C242C4B3FC000C1989F /* Odd+Fixture.swift in Sources */ = {isa = PBXBuildFile; fileRef = 7EBE9C232C4B3FC000C1989F /* Odd+Fixture.swift */; };
		7EBE9C272C4B44C400C1989F /* PlayTableViewModel.swift in Sources */ = {isa = PBXBuildFile; fileRef = 7EBE9C262C4B44C400C1989F /* PlayTableViewModel.swift */; };
		7EBE9C2A2C4B4C6800C1989F /* RoundResultView.swift in Sources */ = {isa = PBXBuildFile; fileRef = 7EBE9C292C4B4C6800C1989F /* RoundResultView.swift */; };
		7EBE9C2D2C4B4D6500C1989F /* RoundInfoView.swift in Sources */ = {isa = PBXBuildFile; fileRef = 7EBE9C2C2C4B4D6500C1989F /* RoundInfoView.swift */; };
		7EBE9C302C4B536F00C1989F /* ResultsViewModel.swift in Sources */ = {isa = PBXBuildFile; fileRef = 7EBE9C2F2C4B536F00C1989F /* ResultsViewModel.swift */; };
		7EBE9C332C4B57B200C1989F /* RoundResultViewModel.swift in Sources */ = {isa = PBXBuildFile; fileRef = 7EBE9C322C4B57B200C1989F /* RoundResultViewModel.swift */; };
		7ED047962C4A8026004DB2F9 /* GrckiKinoApp.swift in Sources */ = {isa = PBXBuildFile; fileRef = 7ED047952C4A8026004DB2F9 /* GrckiKinoApp.swift */; };
		7ED0479A2C4A8027004DB2F9 /* Assets.xcassets in Resources */ = {isa = PBXBuildFile; fileRef = 7ED047992C4A8027004DB2F9 /* Assets.xcassets */; };
		7ED0479D2C4A8027004DB2F9 /* Preview Assets.xcassets in Resources */ = {isa = PBXBuildFile; fileRef = 7ED0479C2C4A8027004DB2F9 /* Preview Assets.xcassets */; };
		7ED047A82C4A842B004DB2F9 /* Config.swift in Sources */ = {isa = PBXBuildFile; fileRef = 7ED047A72C4A842B004DB2F9 /* Config.swift */; };
		7ED047B22C4A883E004DB2F9 /* RoundsRepository.swift in Sources */ = {isa = PBXBuildFile; fileRef = 7ED047B12C4A883E004DB2F9 /* RoundsRepository.swift */; };
		7ED047B42C4A884E004DB2F9 /* RoundsDependency.swift in Sources */ = {isa = PBXBuildFile; fileRef = 7ED047B32C4A884E004DB2F9 /* RoundsDependency.swift */; };
		7ED047B62C4A8860004DB2F9 /* RoundsCoordinator.swift in Sources */ = {isa = PBXBuildFile; fileRef = 7ED047B52C4A8860004DB2F9 /* RoundsCoordinator.swift */; };
		7ED047BC2C4A88AC004DB2F9 /* SplashCoordinator.swift in Sources */ = {isa = PBXBuildFile; fileRef = 7ED047BB2C4A88AC004DB2F9 /* SplashCoordinator.swift */; };
		7ED047BE2C4A88B5004DB2F9 /* SplashDependency.swift in Sources */ = {isa = PBXBuildFile; fileRef = 7ED047BD2C4A88B5004DB2F9 /* SplashDependency.swift */; };
		7ED047C22C4A88DC004DB2F9 /* SplashViewModel.swift in Sources */ = {isa = PBXBuildFile; fileRef = 7ED047C12C4A88DC004DB2F9 /* SplashViewModel.swift */; };
		7ED047C42C4A88E6004DB2F9 /* SplashView.swift in Sources */ = {isa = PBXBuildFile; fileRef = 7ED047C32C4A88E6004DB2F9 /* SplashView.swift */; };
		7ED047C62C4A8960004DB2F9 /* Injectable.swift in Sources */ = {isa = PBXBuildFile; fileRef = 7ED047C52C4A8960004DB2F9 /* Injectable.swift */; };
		7ED047C82C4A8B01004DB2F9 /* Coordinable.swift in Sources */ = {isa = PBXBuildFile; fileRef = 7ED047C72C4A8B01004DB2F9 /* Coordinable.swift */; };
		7ED047CA2C4A8C4E004DB2F9 /* RoundsView.swift in Sources */ = {isa = PBXBuildFile; fileRef = 7ED047C92C4A8C4E004DB2F9 /* RoundsView.swift */; };
		7ED047CC2C4A8C5A004DB2F9 /* RoundsViewModel.swift in Sources */ = {isa = PBXBuildFile; fileRef = 7ED047CB2C4A8C5A004DB2F9 /* RoundsViewModel.swift */; };
		7ED047D02C4A8E6F004DB2F9 /* UIScreen+Extensions.swift in Sources */ = {isa = PBXBuildFile; fileRef = 7ED047CF2C4A8E6F004DB2F9 /* UIScreen+Extensions.swift */; };
		7ED047D22C4A8E96004DB2F9 /* UIWindow+Extensions.swift in Sources */ = {isa = PBXBuildFile; fileRef = 7ED047D12C4A8E96004DB2F9 /* UIWindow+Extensions.swift */; };
		7ED047D82C4A8F80004DB2F9 /* Neue Plak Regular.ttf in Resources */ = {isa = PBXBuildFile; fileRef = 7ED047D42C4A8F7F004DB2F9 /* Neue Plak Regular.ttf */; };
		7ED047D92C4A8F80004DB2F9 /* Neue Plak SemiBold.ttf in Resources */ = {isa = PBXBuildFile; fileRef = 7ED047D52C4A8F80004DB2F9 /* Neue Plak SemiBold.ttf */; };
		7ED047DA2C4A8F80004DB2F9 /* Neue Plak Black.ttf in Resources */ = {isa = PBXBuildFile; fileRef = 7ED047D62C4A8F80004DB2F9 /* Neue Plak Black.ttf */; };
		7ED047DB2C4A8F80004DB2F9 /* Neue Plak Bold.ttf in Resources */ = {isa = PBXBuildFile; fileRef = 7ED047D72C4A8F80004DB2F9 /* Neue Plak Bold.ttf */; };
		7EE6F4132C4A948800A17D77 /* RSwift+Extensions.swift in Sources */ = {isa = PBXBuildFile; fileRef = 7EE6F4122C4A948800A17D77 /* RSwift+Extensions.swift */; };
		7EE6F41C2C4A9B7000A17D77 /* Launch Screen.storyboard in Resources */ = {isa = PBXBuildFile; fileRef = 7EE6F41B2C4A9B7000A17D77 /* Launch Screen.storyboard */; };
		7EE6F41F2C4A9D7600A17D77 /* RoundsListRow.swift in Sources */ = {isa = PBXBuildFile; fileRef = 7EE6F41E2C4A9D7600A17D77 /* RoundsListRow.swift */; };
		7EE6F4232C4A9F8300A17D77 /* Alamofire in Frameworks */ = {isa = PBXBuildFile; productRef = 7EE6F4222C4A9F8300A17D77 /* Alamofire */; };
		7EE6F4292C4A9FDA00A17D77 /* SwiftyJSON in Frameworks */ = {isa = PBXBuildFile; productRef = 7EE6F4282C4A9FDA00A17D77 /* SwiftyJSON */; };
		7EE6F4302C4AA14300A17D77 /* HTTPService.swift in Sources */ = {isa = PBXBuildFile; fileRef = 7EE6F42F2C4AA14300A17D77 /* HTTPService.swift */; };
		7EE6F4322C4AA17E00A17D77 /* HTTPManager.swift in Sources */ = {isa = PBXBuildFile; fileRef = 7EE6F4312C4AA17E00A17D77 /* HTTPManager.swift */; };
		7EE6F4342C4AA27B00A17D77 /* ErrorCases.swift in Sources */ = {isa = PBXBuildFile; fileRef = 7EE6F4332C4AA27B00A17D77 /* ErrorCases.swift */; };
		7EE6F4362C4AA34700A17D77 /* Round.swift in Sources */ = {isa = PBXBuildFile; fileRef = 7EE6F4352C4AA34700A17D77 /* Round.swift */; };
		7EE6F4382C4AA3EF00A17D77 /* Parser.swift in Sources */ = {isa = PBXBuildFile; fileRef = 7EE6F4372C4AA3EF00A17D77 /* Parser.swift */; };
		7EE6F43A2C4ABB8D00A17D77 /* Round+Fixture.swift in Sources */ = {isa = PBXBuildFile; fileRef = 7EE6F4392C4ABB8D00A17D77 /* Round+Fixture.swift */; };
		7EE6F43D2C4ABCD900A17D77 /* RoundsListRowViewModel.swift in Sources */ = {isa = PBXBuildFile; fileRef = 7EE6F43C2C4ABCD900A17D77 /* RoundsListRowViewModel.swift */; };
		7EF34E4B2C4C56EA001EFFB9 /* Localizable.xcstrings in Resources */ = {isa = PBXBuildFile; fileRef = 7EF34E4A2C4C56EA001EFFB9 /* Localizable.xcstrings */; };
		7EF34E4F2C4C6390001EFFB9 /* String+Extensions.swift in Sources */ = {isa = PBXBuildFile; fileRef = 7EF34E4E2C4C6390001EFFB9 /* String+Extensions.swift */; };
		7EF34E522C4C6C93001EFFB9 /* DateFormatter+Extensions.swift in Sources */ = {isa = PBXBuildFile; fileRef = 7EF34E512C4C6C93001EFFB9 /* DateFormatter+Extensions.swift */; };
		7EF34E552C4C6F76001EFFB9 /* Font+Extensions.swift in Sources */ = {isa = PBXBuildFile; fileRef = 7EF34E542C4C6F76001EFFB9 /* Font+Extensions.swift */; };
		7EF34E572C4C7162001EFFB9 /* Color+Extensions.swift in Sources */ = {isa = PBXBuildFile; fileRef = 7EF34E562C4C7162001EFFB9 /* Color+Extensions.swift */; };
/* End PBXBuildFile section */

/* Begin PBXContainerItemProxy section */
		7E28635A2C59093B00B87572 /* PBXContainerItemProxy */ = {
			isa = PBXContainerItemProxy;
			containerPortal = 7ED0478A2C4A8026004DB2F9 /* Project object */;
			proxyType = 1;
			remoteGlobalIDString = 7ED047912C4A8026004DB2F9;
			remoteInfo = GrckiKino;
		};
/* End PBXContainerItemProxy section */

/* Begin PBXFileReference section */
		7E2863562C59093B00B87572 /* GrckiKinoTests.xctest */ = {isa = PBXFileReference; explicitFileType = wrapper.cfbundle; includeInIndex = 0; path = GrckiKinoTests.xctest; sourceTree = BUILT_PRODUCTS_DIR; };
		7E2863582C59093B00B87572 /* GrckiKinoTests.swift */ = {isa = PBXFileReference; lastKnownFileType = sourcecode.swift; path = GrckiKinoTests.swift; sourceTree = "<group>"; };
		7E876E912C4BDA7300784B9D /* OddsView.swift */ = {isa = PBXFileReference; lastKnownFileType = sourcecode.swift; path = OddsView.swift; sourceTree = "<group>"; };
		7EB469512C4D8AF200241341 /* OddsBubbleView.swift */ = {isa = PBXFileReference; lastKnownFileType = sourcecode.swift; path = OddsBubbleView.swift; sourceTree = "<group>"; };
		7EB469542C4DA81C00241341 /* WebView.swift */ = {isa = PBXFileReference; lastKnownFileType = sourcecode.swift; path = WebView.swift; sourceTree = "<group>"; };
		7EBE9BFB2C4AD06A00C1989F /* GameRepository.swift */ = {isa = PBXFileReference; lastKnownFileType = sourcecode.swift; path = GameRepository.swift; sourceTree = "<group>"; };
		7EBE9BFD2C4AD07500C1989F /* GameDependency.swift */ = {isa = PBXFileReference; lastKnownFileType = sourcecode.swift; path = GameDependency.swift; sourceTree = "<group>"; };
		7EBE9BFF2C4AD08100C1989F /* GameCoordinator.swift */ = {isa = PBXFileReference; lastKnownFileType = sourcecode.swift; path = GameCoordinator.swift; sourceTree = "<group>"; };
		7EBE9C012C4AD0AC00C1989F /* GameView.swift */ = {isa = PBXFileReference; lastKnownFileType = sourcecode.swift; path = GameView.swift; sourceTree = "<group>"; };
		7EBE9C042C4ADEBE00C1989F /* GameViewModel.swift */ = {isa = PBXFileReference; lastKnownFileType = sourcecode.swift; path = GameViewModel.swift; sourceTree = "<group>"; };
		7EBE9C072C4AE05E00C1989F /* LiveDrawView.swift */ = {isa = PBXFileReference; lastKnownFileType = sourcecode.swift; path = LiveDrawView.swift; sourceTree = "<group>"; };
		7EBE9C0A2C4AE08900C1989F /* ResultsView.swift */ = {isa = PBXFileReference; lastKnownFileType = sourcecode.swift; path = ResultsView.swift; sourceTree = "<group>"; };
		7EBE9C0C2C4AE0A800C1989F /* PlayTableView.swift */ = {isa = PBXFileReference; lastKnownFileType = sourcecode.swift; path = PlayTableView.swift; sourceTree = "<group>"; };
		7EBE9C0E2C4AE14800C1989F /* InsettableShapes.swift */ = {isa = PBXFileReference; lastKnownFileType = sourcecode.swift; path = InsettableShapes.swift; sourceTree = "<group>"; };
		7EBE9C102C4AE18000C1989F /* PlayTableCircle.swift */ = {isa = PBXFileReference; lastKnownFileType = sourcecode.swift; path = PlayTableCircle.swift; sourceTree = "<group>"; };
		7EBE9C122C4B0F2A00C1989F /* Utility.swift */ = {isa = PBXFileReference; lastKnownFileType = sourcecode.swift; path = Utility.swift; sourceTree = "<group>"; };
		7EBE9C192C4B398300C1989F /* PlayView.swift */ = {isa = PBXFileReference; lastKnownFileType = sourcecode.swift; path = PlayView.swift; sourceTree = "<group>"; };
		7EBE9C1D2C4B3BF100C1989F /* PlayViewModel.swift */ = {isa = PBXFileReference; lastKnownFileType = sourcecode.swift; path = PlayViewModel.swift; sourceTree = "<group>"; };
		7EBE9C202C4B3EE400C1989F /* Odd.swift */ = {isa = PBXFileReference; lastKnownFileType = sourcecode.swift; path = Odd.swift; sourceTree = "<group>"; };
		7EBE9C232C4B3FC000C1989F /* Odd+Fixture.swift */ = {isa = PBXFileReference; lastKnownFileType = sourcecode.swift; path = "Odd+Fixture.swift"; sourceTree = "<group>"; };
		7EBE9C262C4B44C400C1989F /* PlayTableViewModel.swift */ = {isa = PBXFileReference; lastKnownFileType = sourcecode.swift; path = PlayTableViewModel.swift; sourceTree = "<group>"; };
		7EBE9C292C4B4C6800C1989F /* RoundResultView.swift */ = {isa = PBXFileReference; lastKnownFileType = sourcecode.swift; path = RoundResultView.swift; sourceTree = "<group>"; };
		7EBE9C2C2C4B4D6500C1989F /* RoundInfoView.swift */ = {isa = PBXFileReference; lastKnownFileType = sourcecode.swift; path = RoundInfoView.swift; sourceTree = "<group>"; };
		7EBE9C2F2C4B536F00C1989F /* ResultsViewModel.swift */ = {isa = PBXFileReference; lastKnownFileType = sourcecode.swift; path = ResultsViewModel.swift; sourceTree = "<group>"; };
		7EBE9C322C4B57B200C1989F /* RoundResultViewModel.swift */ = {isa = PBXFileReference; lastKnownFileType = sourcecode.swift; path = RoundResultViewModel.swift; sourceTree = "<group>"; };
		7ED047922C4A8026004DB2F9 /* GrckiKino.app */ = {isa = PBXFileReference; explicitFileType = wrapper.application; includeInIndex = 0; path = GrckiKino.app; sourceTree = BUILT_PRODUCTS_DIR; };
		7ED047952C4A8026004DB2F9 /* GrckiKinoApp.swift */ = {isa = PBXFileReference; lastKnownFileType = sourcecode.swift; path = GrckiKinoApp.swift; sourceTree = "<group>"; };
		7ED047992C4A8027004DB2F9 /* Assets.xcassets */ = {isa = PBXFileReference; lastKnownFileType = folder.assetcatalog; path = Assets.xcassets; sourceTree = "<group>"; };
		7ED0479C2C4A8027004DB2F9 /* Preview Assets.xcassets */ = {isa = PBXFileReference; lastKnownFileType = folder.assetcatalog; path = "Preview Assets.xcassets"; sourceTree = "<group>"; };
		7ED047A72C4A842B004DB2F9 /* Config.swift */ = {isa = PBXFileReference; lastKnownFileType = sourcecode.swift; path = Config.swift; sourceTree = "<group>"; };
		7ED047B12C4A883E004DB2F9 /* RoundsRepository.swift */ = {isa = PBXFileReference; lastKnownFileType = sourcecode.swift; path = RoundsRepository.swift; sourceTree = "<group>"; };
		7ED047B32C4A884E004DB2F9 /* RoundsDependency.swift */ = {isa = PBXFileReference; lastKnownFileType = sourcecode.swift; path = RoundsDependency.swift; sourceTree = "<group>"; };
		7ED047B52C4A8860004DB2F9 /* RoundsCoordinator.swift */ = {isa = PBXFileReference; lastKnownFileType = sourcecode.swift; path = RoundsCoordinator.swift; sourceTree = "<group>"; };
		7ED047BB2C4A88AC004DB2F9 /* SplashCoordinator.swift */ = {isa = PBXFileReference; lastKnownFileType = sourcecode.swift; path = SplashCoordinator.swift; sourceTree = "<group>"; };
		7ED047BD2C4A88B5004DB2F9 /* SplashDependency.swift */ = {isa = PBXFileReference; lastKnownFileType = sourcecode.swift; path = SplashDependency.swift; sourceTree = "<group>"; };
		7ED047C12C4A88DC004DB2F9 /* SplashViewModel.swift */ = {isa = PBXFileReference; lastKnownFileType = sourcecode.swift; path = SplashViewModel.swift; sourceTree = "<group>"; };
		7ED047C32C4A88E6004DB2F9 /* SplashView.swift */ = {isa = PBXFileReference; lastKnownFileType = sourcecode.swift; path = SplashView.swift; sourceTree = "<group>"; };
		7ED047C52C4A8960004DB2F9 /* Injectable.swift */ = {isa = PBXFileReference; lastKnownFileType = sourcecode.swift; path = Injectable.swift; sourceTree = "<group>"; };
		7ED047C72C4A8B01004DB2F9 /* Coordinable.swift */ = {isa = PBXFileReference; lastKnownFileType = sourcecode.swift; path = Coordinable.swift; sourceTree = "<group>"; };
		7ED047C92C4A8C4E004DB2F9 /* RoundsView.swift */ = {isa = PBXFileReference; lastKnownFileType = sourcecode.swift; path = RoundsView.swift; sourceTree = "<group>"; };
		7ED047CB2C4A8C5A004DB2F9 /* RoundsViewModel.swift */ = {isa = PBXFileReference; lastKnownFileType = sourcecode.swift; path = RoundsViewModel.swift; sourceTree = "<group>"; };
		7ED047CF2C4A8E6F004DB2F9 /* UIScreen+Extensions.swift */ = {isa = PBXFileReference; lastKnownFileType = sourcecode.swift; path = "UIScreen+Extensions.swift"; sourceTree = "<group>"; };
		7ED047D12C4A8E96004DB2F9 /* UIWindow+Extensions.swift */ = {isa = PBXFileReference; lastKnownFileType = sourcecode.swift; path = "UIWindow+Extensions.swift"; sourceTree = "<group>"; };
		7ED047D42C4A8F7F004DB2F9 /* Neue Plak Regular.ttf */ = {isa = PBXFileReference; lastKnownFileType = file; path = "Neue Plak Regular.ttf"; sourceTree = "<group>"; };
		7ED047D52C4A8F80004DB2F9 /* Neue Plak SemiBold.ttf */ = {isa = PBXFileReference; lastKnownFileType = file; path = "Neue Plak SemiBold.ttf"; sourceTree = "<group>"; };
		7ED047D62C4A8F80004DB2F9 /* Neue Plak Black.ttf */ = {isa = PBXFileReference; lastKnownFileType = file; path = "Neue Plak Black.ttf"; sourceTree = "<group>"; };
		7ED047D72C4A8F80004DB2F9 /* Neue Plak Bold.ttf */ = {isa = PBXFileReference; lastKnownFileType = file; path = "Neue Plak Bold.ttf"; sourceTree = "<group>"; };
		7ED047DC2C4A8F9E004DB2F9 /* Info.plist */ = {isa = PBXFileReference; lastKnownFileType = text.plist; path = Info.plist; sourceTree = "<group>"; };
		7EE6F4122C4A948800A17D77 /* RSwift+Extensions.swift */ = {isa = PBXFileReference; lastKnownFileType = sourcecode.swift; path = "RSwift+Extensions.swift"; sourceTree = "<group>"; };
		7EE6F41B2C4A9B7000A17D77 /* Launch Screen.storyboard */ = {isa = PBXFileReference; lastKnownFileType = file.storyboard; path = "Launch Screen.storyboard"; sourceTree = "<group>"; };
		7EE6F41E2C4A9D7600A17D77 /* RoundsListRow.swift */ = {isa = PBXFileReference; lastKnownFileType = sourcecode.swift; path = RoundsListRow.swift; sourceTree = "<group>"; };
		7EE6F42F2C4AA14300A17D77 /* HTTPService.swift */ = {isa = PBXFileReference; lastKnownFileType = sourcecode.swift; path = HTTPService.swift; sourceTree = "<group>"; };
		7EE6F4312C4AA17E00A17D77 /* HTTPManager.swift */ = {isa = PBXFileReference; lastKnownFileType = sourcecode.swift; path = HTTPManager.swift; sourceTree = "<group>"; };
		7EE6F4332C4AA27B00A17D77 /* ErrorCases.swift */ = {isa = PBXFileReference; lastKnownFileType = sourcecode.swift; path = ErrorCases.swift; sourceTree = "<group>"; };
		7EE6F4352C4AA34700A17D77 /* Round.swift */ = {isa = PBXFileReference; lastKnownFileType = sourcecode.swift; path = Round.swift; sourceTree = "<group>"; };
		7EE6F4372C4AA3EF00A17D77 /* Parser.swift */ = {isa = PBXFileReference; lastKnownFileType = sourcecode.swift; path = Parser.swift; sourceTree = "<group>"; };
		7EE6F4392C4ABB8D00A17D77 /* Round+Fixture.swift */ = {isa = PBXFileReference; lastKnownFileType = sourcecode.swift; path = "Round+Fixture.swift"; sourceTree = "<group>"; };
		7EE6F43C2C4ABCD900A17D77 /* RoundsListRowViewModel.swift */ = {isa = PBXFileReference; lastKnownFileType = sourcecode.swift; path = RoundsListRowViewModel.swift; sourceTree = "<group>"; };
		7EF34E4A2C4C56EA001EFFB9 /* Localizable.xcstrings */ = {isa = PBXFileReference; lastKnownFileType = text.json.xcstrings; path = Localizable.xcstrings; sourceTree = "<group>"; };
		7EF34E4E2C4C6390001EFFB9 /* String+Extensions.swift */ = {isa = PBXFileReference; lastKnownFileType = sourcecode.swift; path = "String+Extensions.swift"; sourceTree = "<group>"; };
		7EF34E512C4C6C93001EFFB9 /* DateFormatter+Extensions.swift */ = {isa = PBXFileReference; lastKnownFileType = sourcecode.swift; path = "DateFormatter+Extensions.swift"; sourceTree = "<group>"; };
		7EF34E542C4C6F76001EFFB9 /* Font+Extensions.swift */ = {isa = PBXFileReference; lastKnownFileType = sourcecode.swift; path = "Font+Extensions.swift"; sourceTree = "<group>"; };
		7EF34E562C4C7162001EFFB9 /* Color+Extensions.swift */ = {isa = PBXFileReference; lastKnownFileType = sourcecode.swift; path = "Color+Extensions.swift"; sourceTree = "<group>"; };
/* End PBXFileReference section */

/* Begin PBXFrameworksBuildPhase section */
		7E2863532C59093B00B87572 /* Frameworks */ = {
			isa = PBXFrameworksBuildPhase;
			buildActionMask = 2147483647;
			files = (
			);
			runOnlyForDeploymentPostprocessing = 0;
		};
		7ED0478F2C4A8026004DB2F9 /* Frameworks */ = {
			isa = PBXFrameworksBuildPhase;
			buildActionMask = 2147483647;
			files = (
				7E3648482C59A77500D7052B /* RswiftLibrary in Frameworks */,
				7EE6F4232C4A9F8300A17D77 /* Alamofire in Frameworks */,
				7EE6F4292C4A9FDA00A17D77 /* SwiftyJSON in Frameworks */,
				7EBE9C172C4B1B8100C1989F /* AlertToast in Frameworks */,
			);
			runOnlyForDeploymentPostprocessing = 0;
		};
/* End PBXFrameworksBuildPhase section */

/* Begin PBXGroup section */
		7E2863572C59093B00B87572 /* GrckiKinoTests */ = {
			isa = PBXGroup;
			children = (
				7E2863582C59093B00B87572 /* GrckiKinoTests.swift */,
			);
			path = GrckiKinoTests;
			sourceTree = "<group>";
		};
		7EBE9BF82C4AD04600C1989F /* Models */ = {
			isa = PBXGroup;
			children = (
				7EBE9C202C4B3EE400C1989F /* Odd.swift */,
			);
			path = Models;
			sourceTree = "<group>";
		};
		7EBE9BF92C4AD04F00C1989F /* ViewModels */ = {
			isa = PBXGroup;
			children = (
				7EBE9C042C4ADEBE00C1989F /* GameViewModel.swift */,
				7EBE9C1D2C4B3BF100C1989F /* PlayViewModel.swift */,
				7EBE9C262C4B44C400C1989F /* PlayTableViewModel.swift */,
				7EBE9C2F2C4B536F00C1989F /* ResultsViewModel.swift */,
				7EBE9C322C4B57B200C1989F /* RoundResultViewModel.swift */,
			);
			path = ViewModels;
			sourceTree = "<group>";
		};
		7EBE9BFA2C4AD05600C1989F /* Views */ = {
			isa = PBXGroup;
			children = (
				7EBE9C012C4AD0AC00C1989F /* GameView.swift */,
				7EBE9C072C4AE05E00C1989F /* LiveDrawView.swift */,
				7EBE9C0A2C4AE08900C1989F /* ResultsView.swift */,
				7EBE9C292C4B4C6800C1989F /* RoundResultView.swift */,
				7EBE9C192C4B398300C1989F /* PlayView.swift */,
				7E876E912C4BDA7300784B9D /* OddsView.swift */,
				7EB469512C4D8AF200241341 /* OddsBubbleView.swift */,
				7EBE9C0C2C4AE0A800C1989F /* PlayTableView.swift */,
				7EBE9C102C4AE18000C1989F /* PlayTableCircle.swift */,
			);
			path = Views;
			sourceTree = "<group>";
		};
		7ED047892C4A8026004DB2F9 = {
			isa = PBXGroup;
			children = (
				7ED047942C4A8026004DB2F9 /* GrckiKino */,
				7E2863572C59093B00B87572 /* GrckiKinoTests */,
				7ED047932C4A8026004DB2F9 /* Products */,
				7EE6F4172C4A965300A17D77 /* Frameworks */,
			);
			sourceTree = "<group>";
		};
		7ED047932C4A8026004DB2F9 /* Products */ = {
			isa = PBXGroup;
			children = (
				7ED047922C4A8026004DB2F9 /* GrckiKino.app */,
				7E2863562C59093B00B87572 /* GrckiKinoTests.xctest */,
			);
			name = Products;
			sourceTree = "<group>";
		};
		7ED047942C4A8026004DB2F9 /* GrckiKino */ = {
			isa = PBXGroup;
			children = (
				7ED047DC2C4A8F9E004DB2F9 /* Info.plist */,
				7ED047A62C4A83C8004DB2F9 /* Fixtures */,
				7ED047A52C4A83BA004DB2F9 /* Components */,
				7ED047A42C4A83AD004DB2F9 /* Modules */,
				7ED047A32C4A8396004DB2F9 /* AppCore */,
				7ED0479B2C4A8027004DB2F9 /* Preview Content */,
			);
			path = GrckiKino;
			sourceTree = "<group>";
		};
		7ED0479B2C4A8027004DB2F9 /* Preview Content */ = {
			isa = PBXGroup;
			children = (
				7ED0479C2C4A8027004DB2F9 /* Preview Assets.xcassets */,
			);
			path = "Preview Content";
			sourceTree = "<group>";
		};
		7ED047A32C4A8396004DB2F9 /* AppCore */ = {
			isa = PBXGroup;
			children = (
				7EE6F42E2C4AA12F00A17D77 /* HTTPManager */,
				7ED047D32C4A8F72004DB2F9 /* Fonts */,
				7ED047CD2C4A8E23004DB2F9 /* Helpers */,
				7EE6F4372C4AA3EF00A17D77 /* Parser.swift */,
				7ED047952C4A8026004DB2F9 /* GrckiKinoApp.swift */,
				7ED047992C4A8027004DB2F9 /* Assets.xcassets */,
				7ED047A72C4A842B004DB2F9 /* Config.swift */,
				7EE6F41B2C4A9B7000A17D77 /* Launch Screen.storyboard */,
				7EF34E4A2C4C56EA001EFFB9 /* Localizable.xcstrings */,
			);
			path = AppCore;
			sourceTree = "<group>";
		};
		7ED047A42C4A83AD004DB2F9 /* Modules */ = {
			isa = PBXGroup;
			children = (
				7ED047AB2C4A87C2004DB2F9 /* Application */,
				7ED047A92C4A87AA004DB2F9 /* Onboarding */,
			);
			path = Modules;
			sourceTree = "<group>";
		};
		7ED047A52C4A83BA004DB2F9 /* Components */ = {
			isa = PBXGroup;
			children = (
				7EBE9C0E2C4AE14800C1989F /* InsettableShapes.swift */,
				7EBE9C2C2C4B4D6500C1989F /* RoundInfoView.swift */,
				7EB469542C4DA81C00241341 /* WebView.swift */,
			);
			path = Components;
			sourceTree = "<group>";
		};
		7ED047A62C4A83C8004DB2F9 /* Fixtures */ = {
			isa = PBXGroup;
			children = (
				7EE6F4392C4ABB8D00A17D77 /* Round+Fixture.swift */,
				7EBE9C232C4B3FC000C1989F /* Odd+Fixture.swift */,
			);
			path = Fixtures;
			sourceTree = "<group>";
		};
		7ED047A92C4A87AA004DB2F9 /* Onboarding */ = {
			isa = PBXGroup;
			children = (
				7ED047AA2C4A87B1004DB2F9 /* Splash */,
			);
			path = Onboarding;
			sourceTree = "<group>";
		};
		7ED047AA2C4A87B1004DB2F9 /* Splash */ = {
			isa = PBXGroup;
			children = (
				7ED047C02C4A88C6004DB2F9 /* ViewModels */,
				7ED047BF2C4A88BF004DB2F9 /* Views */,
				7ED047BB2C4A88AC004DB2F9 /* SplashCoordinator.swift */,
				7ED047BD2C4A88B5004DB2F9 /* SplashDependency.swift */,
			);
			path = Splash;
			sourceTree = "<group>";
		};
		7ED047AB2C4A87C2004DB2F9 /* Application */ = {
			isa = PBXGroup;
			children = (
				7ED047AD2C4A87F5004DB2F9 /* Game */,
				7ED047AC2C4A87CD004DB2F9 /* Rounds */,
			);
			path = Application;
			sourceTree = "<group>";
		};
		7ED047AC2C4A87CD004DB2F9 /* Rounds */ = {
			isa = PBXGroup;
			children = (
				7ED047B02C4A8828004DB2F9 /* Models */,
				7ED047AF2C4A8820004DB2F9 /* ViewModels */,
				7ED047AE2C4A8819004DB2F9 /* Views */,
				7ED047B52C4A8860004DB2F9 /* RoundsCoordinator.swift */,
				7ED047B12C4A883E004DB2F9 /* RoundsRepository.swift */,
				7ED047B32C4A884E004DB2F9 /* RoundsDependency.swift */,
			);
			path = Rounds;
			sourceTree = "<group>";
		};
		7ED047AD2C4A87F5004DB2F9 /* Game */ = {
			isa = PBXGroup;
			children = (
				7EBE9BFA2C4AD05600C1989F /* Views */,
				7EBE9BF92C4AD04F00C1989F /* ViewModels */,
				7EBE9BF82C4AD04600C1989F /* Models */,
				7EBE9BFF2C4AD08100C1989F /* GameCoordinator.swift */,
				7EBE9BFB2C4AD06A00C1989F /* GameRepository.swift */,
				7EBE9BFD2C4AD07500C1989F /* GameDependency.swift */,
			);
			path = Game;
			sourceTree = "<group>";
		};
		7ED047AE2C4A8819004DB2F9 /* Views */ = {
			isa = PBXGroup;
			children = (
				7ED047C92C4A8C4E004DB2F9 /* RoundsView.swift */,
				7EE6F41E2C4A9D7600A17D77 /* RoundsListRow.swift */,
			);
			path = Views;
			sourceTree = "<group>";
		};
		7ED047AF2C4A8820004DB2F9 /* ViewModels */ = {
			isa = PBXGroup;
			children = (
				7ED047CB2C4A8C5A004DB2F9 /* RoundsViewModel.swift */,
				7EE6F43C2C4ABCD900A17D77 /* RoundsListRowViewModel.swift */,
			);
			path = ViewModels;
			sourceTree = "<group>";
		};
		7ED047B02C4A8828004DB2F9 /* Models */ = {
			isa = PBXGroup;
			children = (
				7EE6F4352C4AA34700A17D77 /* Round.swift */,
			);
			path = Models;
			sourceTree = "<group>";
		};
		7ED047BF2C4A88BF004DB2F9 /* Views */ = {
			isa = PBXGroup;
			children = (
				7ED047C32C4A88E6004DB2F9 /* SplashView.swift */,
			);
			path = Views;
			sourceTree = "<group>";
		};
		7ED047C02C4A88C6004DB2F9 /* ViewModels */ = {
			isa = PBXGroup;
			children = (
				7ED047C12C4A88DC004DB2F9 /* SplashViewModel.swift */,
			);
			path = ViewModels;
			sourceTree = "<group>";
		};
		7ED047CD2C4A8E23004DB2F9 /* Helpers */ = {
			isa = PBXGroup;
			children = (
				7ED047CE2C4A8E43004DB2F9 /* Extensions */,
				7ED047C52C4A8960004DB2F9 /* Injectable.swift */,
				7ED047C72C4A8B01004DB2F9 /* Coordinable.swift */,
				7EE6F4332C4AA27B00A17D77 /* ErrorCases.swift */,
				7EBE9C122C4B0F2A00C1989F /* Utility.swift */,
			);
			path = Helpers;
			sourceTree = "<group>";
		};
		7ED047CE2C4A8E43004DB2F9 /* Extensions */ = {
			isa = PBXGroup;
			children = (
				7ED047CF2C4A8E6F004DB2F9 /* UIScreen+Extensions.swift */,
				7ED047D12C4A8E96004DB2F9 /* UIWindow+Extensions.swift */,
				7EE6F4122C4A948800A17D77 /* RSwift+Extensions.swift */,
				7EF34E4E2C4C6390001EFFB9 /* String+Extensions.swift */,
				7EF34E512C4C6C93001EFFB9 /* DateFormatter+Extensions.swift */,
				7EF34E542C4C6F76001EFFB9 /* Font+Extensions.swift */,
				7EF34E562C4C7162001EFFB9 /* Color+Extensions.swift */,
			);
			path = Extensions;
			sourceTree = "<group>";
		};
		7ED047D32C4A8F72004DB2F9 /* Fonts */ = {
			isa = PBXGroup;
			children = (
				7ED047D62C4A8F80004DB2F9 /* Neue Plak Black.ttf */,
				7ED047D72C4A8F80004DB2F9 /* Neue Plak Bold.ttf */,
				7ED047D42C4A8F7F004DB2F9 /* Neue Plak Regular.ttf */,
				7ED047D52C4A8F80004DB2F9 /* Neue Plak SemiBold.ttf */,
			);
			path = Fonts;
			sourceTree = "<group>";
		};
		7EE6F4172C4A965300A17D77 /* Frameworks */ = {
			isa = PBXGroup;
			children = (
			);
			name = Frameworks;
			sourceTree = "<group>";
		};
		7EE6F42E2C4AA12F00A17D77 /* HTTPManager */ = {
			isa = PBXGroup;
			children = (
				7EE6F42F2C4AA14300A17D77 /* HTTPService.swift */,
				7EE6F4312C4AA17E00A17D77 /* HTTPManager.swift */,
			);
			path = HTTPManager;
			sourceTree = "<group>";
		};
/* End PBXGroup section */

/* Begin PBXNativeTarget section */
		7E2863552C59093B00B87572 /* GrckiKinoTests */ = {
			isa = PBXNativeTarget;
			buildConfigurationList = 7E28635E2C59093B00B87572 /* Build configuration list for PBXNativeTarget "GrckiKinoTests" */;
			buildPhases = (
				7E2863522C59093B00B87572 /* Sources */,
				7E2863532C59093B00B87572 /* Frameworks */,
				7E2863542C59093B00B87572 /* Resources */,
			);
			buildRules = (
			);
			dependencies = (
				7E28635B2C59093B00B87572 /* PBXTargetDependency */,
			);
			name = GrckiKinoTests;
			packageProductDependencies = (
			);
			productName = GrckiKinoTests;
			productReference = 7E2863562C59093B00B87572 /* GrckiKinoTests.xctest */;
			productType = "com.apple.product-type.bundle.unit-test";
		};
		7ED047912C4A8026004DB2F9 /* GrckiKino */ = {
			isa = PBXNativeTarget;
			buildConfigurationList = 7ED047A02C4A8027004DB2F9 /* Build configuration list for PBXNativeTarget "GrckiKino" */;
			buildPhases = (
				7ED0478E2C4A8026004DB2F9 /* Sources */,
				7ED0478F2C4A8026004DB2F9 /* Frameworks */,
				7ED047902C4A8026004DB2F9 /* Resources */,
			);
			buildRules = (
			);
			dependencies = (
				7EE6F4102C4A93C300A17D77 /* PBXTargetDependency */,
			);
			name = GrckiKino;
			packageProductDependencies = (
				7EE6F4222C4A9F8300A17D77 /* Alamofire */,
				7EE6F4282C4A9FDA00A17D77 /* SwiftyJSON */,
				7EBE9C162C4B1B8100C1989F /* AlertToast */,
				7E3648472C59A77500D7052B /* RswiftLibrary */,
			);
			productName = GrckiKino;
			productReference = 7ED047922C4A8026004DB2F9 /* GrckiKino.app */;
			productType = "com.apple.product-type.application";
		};
/* End PBXNativeTarget section */

/* Begin PBXProject section */
		7ED0478A2C4A8026004DB2F9 /* Project object */ = {
			isa = PBXProject;
			attributes = {
				BuildIndependentTargetsInParallel = 1;
				LastSwiftUpdateCheck = 1540;
				LastUpgradeCheck = 1540;
				TargetAttributes = {
					7E2863552C59093B00B87572 = {
						CreatedOnToolsVersion = 15.4;
						TestTargetID = 7ED047912C4A8026004DB2F9;
					};
					7ED047912C4A8026004DB2F9 = {
						CreatedOnToolsVersion = 15.4;
					};
				};
			};
			buildConfigurationList = 7ED0478D2C4A8026004DB2F9 /* Build configuration list for PBXProject "GrckiKino" */;
			compatibilityVersion = "Xcode 14.0";
			developmentRegion = en;
			hasScannedForEncodings = 0;
			knownRegions = (
				en,
				Base,
				"sr-Latn",
			);
			mainGroup = 7ED047892C4A8026004DB2F9;
			packageReferences = (
				7EE6F40C2C4A933F00A17D77 /* XCRemoteSwiftPackageReference "R" */,
				7EE6F4212C4A9F8200A17D77 /* XCRemoteSwiftPackageReference "Alamofire" */,
				7EE6F4272C4A9FDA00A17D77 /* XCRemoteSwiftPackageReference "SwiftyJSON" */,
				7EBE9C152C4B1B8100C1989F /* XCRemoteSwiftPackageReference "AlertToast" */,
			);
			productRefGroup = 7ED047932C4A8026004DB2F9 /* Products */;
			projectDirPath = "";
			projectRoot = "";
			targets = (
				7ED047912C4A8026004DB2F9 /* GrckiKino */,
				7E2863552C59093B00B87572 /* GrckiKinoTests */,
			);
		};
/* End PBXProject section */

/* Begin PBXResourcesBuildPhase section */
		7E2863542C59093B00B87572 /* Resources */ = {
			isa = PBXResourcesBuildPhase;
			buildActionMask = 2147483647;
			files = (
			);
			runOnlyForDeploymentPostprocessing = 0;
		};
		7ED047902C4A8026004DB2F9 /* Resources */ = {
			isa = PBXResourcesBuildPhase;
			buildActionMask = 2147483647;
			files = (
				7ED0479D2C4A8027004DB2F9 /* Preview Assets.xcassets in Resources */,
				7ED047D82C4A8F80004DB2F9 /* Neue Plak Regular.ttf in Resources */,
				7EF34E4B2C4C56EA001EFFB9 /* Localizable.xcstrings in Resources */,
				7ED047DB2C4A8F80004DB2F9 /* Neue Plak Bold.ttf in Resources */,
				7ED047D92C4A8F80004DB2F9 /* Neue Plak SemiBold.ttf in Resources */,
				7ED047DA2C4A8F80004DB2F9 /* Neue Plak Black.ttf in Resources */,
				7ED0479A2C4A8027004DB2F9 /* Assets.xcassets in Resources */,
				7EE6F41C2C4A9B7000A17D77 /* Launch Screen.storyboard in Resources */,
			);
			runOnlyForDeploymentPostprocessing = 0;
		};
/* End PBXResourcesBuildPhase section */

/* Begin PBXSourcesBuildPhase section */
		7E2863522C59093B00B87572 /* Sources */ = {
			isa = PBXSourcesBuildPhase;
			buildActionMask = 2147483647;
			files = (
				7E2863592C59093B00B87572 /* GrckiKinoTests.swift in Sources */,
			);
			runOnlyForDeploymentPostprocessing = 0;
		};
		7ED0478E2C4A8026004DB2F9 /* Sources */ = {
			isa = PBXSourcesBuildPhase;
			buildActionMask = 2147483647;
			files = (
				7EBE9C132C4B0F2A00C1989F /* Utility.swift in Sources */,
				7EF34E522C4C6C93001EFFB9 /* DateFormatter+Extensions.swift in Sources */,
				7ED047B22C4A883E004DB2F9 /* RoundsRepository.swift in Sources */,
				7ED047962C4A8026004DB2F9 /* GrckiKinoApp.swift in Sources */,
				7EF34E572C4C7162001EFFB9 /* Color+Extensions.swift in Sources */,
				7EE6F4132C4A948800A17D77 /* RSwift+Extensions.swift in Sources */,
				7EB469522C4D8AF200241341 /* OddsBubbleView.swift in Sources */,
				7EBE9C052C4ADEBE00C1989F /* GameViewModel.swift in Sources */,
				7EBE9C302C4B536F00C1989F /* ResultsViewModel.swift in Sources */,
				7EBE9C212C4B3EE400C1989F /* Odd.swift in Sources */,
				7EBE9C002C4AD08100C1989F /* GameCoordinator.swift in Sources */,
				7EBE9C1A2C4B398300C1989F /* PlayView.swift in Sources */,
				7ED047BC2C4A88AC004DB2F9 /* SplashCoordinator.swift in Sources */,
				7ED047C22C4A88DC004DB2F9 /* SplashViewModel.swift in Sources */,
				7EBE9C0D2C4AE0A800C1989F /* PlayTableView.swift in Sources */,
				7EBE9C022C4AD0AC00C1989F /* GameView.swift in Sources */,
				7ED047C62C4A8960004DB2F9 /* Injectable.swift in Sources */,
				7EE6F43A2C4ABB8D00A17D77 /* Round+Fixture.swift in Sources */,
				7ED047CA2C4A8C4E004DB2F9 /* RoundsView.swift in Sources */,
				7E876E922C4BDA7300784B9D /* OddsView.swift in Sources */,
				7EF34E552C4C6F76001EFFB9 /* Font+Extensions.swift in Sources */,
				7EBE9C0B2C4AE08900C1989F /* ResultsView.swift in Sources */,
				7ED047D22C4A8E96004DB2F9 /* UIWindow+Extensions.swift in Sources */,
				7ED047C82C4A8B01004DB2F9 /* Coordinable.swift in Sources */,
				7EE6F43D2C4ABCD900A17D77 /* RoundsListRowViewModel.swift in Sources */,
				7EBE9C0F2C4AE14800C1989F /* InsettableShapes.swift in Sources */,
				7EBE9C082C4AE05E00C1989F /* LiveDrawView.swift in Sources */,
				7ED047C42C4A88E6004DB2F9 /* SplashView.swift in Sources */,
				7ED047B42C4A884E004DB2F9 /* RoundsDependency.swift in Sources */,
				7ED047A82C4A842B004DB2F9 /* Config.swift in Sources */,
				7EE6F4382C4AA3EF00A17D77 /* Parser.swift in Sources */,
				7EBE9C1E2C4B3BF100C1989F /* PlayViewModel.swift in Sources */,
				7EBE9C112C4AE18000C1989F /* PlayTableCircle.swift in Sources */,
				7EE6F4342C4AA27B00A17D77 /* ErrorCases.swift in Sources */,
				7ED047BE2C4A88B5004DB2F9 /* SplashDependency.swift in Sources */,
				7ED047B62C4A8860004DB2F9 /* RoundsCoordinator.swift in Sources */,
				7EE6F4322C4AA17E00A17D77 /* HTTPManager.swift in Sources */,
				7ED047CC2C4A8C5A004DB2F9 /* RoundsViewModel.swift in Sources */,
				7EE6F4302C4AA14300A17D77 /* HTTPService.swift in Sources */,
				7EBE9C242C4B3FC000C1989F /* Odd+Fixture.swift in Sources */,
				7EBE9C2A2C4B4C6800C1989F /* RoundResultView.swift in Sources */,
				7EBE9C332C4B57B200C1989F /* RoundResultViewModel.swift in Sources */,
				7ED047D02C4A8E6F004DB2F9 /* UIScreen+Extensions.swift in Sources */,
				7EBE9BFE2C4AD07500C1989F /* GameDependency.swift in Sources */,
				7EBE9BFC2C4AD06A00C1989F /* GameRepository.swift in Sources */,
				7EB469552C4DA81C00241341 /* WebView.swift in Sources */,
				7EBE9C272C4B44C400C1989F /* PlayTableViewModel.swift in Sources */,
				7EF34E4F2C4C6390001EFFB9 /* String+Extensions.swift in Sources */,
				7EBE9C2D2C4B4D6500C1989F /* RoundInfoView.swift in Sources */,
				7EE6F4362C4AA34700A17D77 /* Round.swift in Sources */,
				7EE6F41F2C4A9D7600A17D77 /* RoundsListRow.swift in Sources */,
			);
			runOnlyForDeploymentPostprocessing = 0;
		};
/* End PBXSourcesBuildPhase section */

/* Begin PBXTargetDependency section */
		7E28635B2C59093B00B87572 /* PBXTargetDependency */ = {
			isa = PBXTargetDependency;
			target = 7ED047912C4A8026004DB2F9 /* GrckiKino */;
			targetProxy = 7E28635A2C59093B00B87572 /* PBXContainerItemProxy */;
		};
		7EE6F4102C4A93C300A17D77 /* PBXTargetDependency */ = {
			isa = PBXTargetDependency;
			productRef = 7EE6F40F2C4A93C300A17D77 /* RswiftGenerateInternalResources */;
		};
/* End PBXTargetDependency section */

/* Begin XCBuildConfiguration section */
		7E28635C2C59093B00B87572 /* Debug */ = {
			isa = XCBuildConfiguration;
			buildSettings = {
				BUNDLE_LOADER = "$(TEST_HOST)";
				CODE_SIGN_STYLE = Automatic;
				CURRENT_PROJECT_VERSION = 20;
				DEVELOPMENT_TEAM = E5FYD94489;
				GENERATE_INFOPLIST_FILE = YES;
				IPHONEOS_DEPLOYMENT_TARGET = 17.0;
				MARKETING_VERSION = 1.0;
				PRODUCT_BUNDLE_IDENTIFIER = com.lazar89nis.GrckiKinoTests;
				PRODUCT_NAME = "$(TARGET_NAME)";
				SWIFT_EMIT_LOC_STRINGS = NO;
				SWIFT_VERSION = 5.0;
				TARGETED_DEVICE_FAMILY = "1,2";
				TEST_HOST = "$(BUILT_PRODUCTS_DIR)/GrckiKino.app/$(BUNDLE_EXECUTABLE_FOLDER_PATH)/GrckiKino";
			};
			name = Debug;
		};
		7E28635D2C59093B00B87572 /* Release */ = {
			isa = XCBuildConfiguration;
			buildSettings = {
				BUNDLE_LOADER = "$(TEST_HOST)";
				CODE_SIGN_STYLE = Automatic;
				CURRENT_PROJECT_VERSION = 20;
				DEVELOPMENT_TEAM = E5FYD94489;
				GENERATE_INFOPLIST_FILE = YES;
				IPHONEOS_DEPLOYMENT_TARGET = 17.0;
				MARKETING_VERSION = 1.0;
				PRODUCT_BUNDLE_IDENTIFIER = com.lazar89nis.GrckiKinoTests;
				PRODUCT_NAME = "$(TARGET_NAME)";
				SWIFT_EMIT_LOC_STRINGS = NO;
				SWIFT_VERSION = 5.0;
				TARGETED_DEVICE_FAMILY = "1,2";
				TEST_HOST = "$(BUILT_PRODUCTS_DIR)/GrckiKino.app/$(BUNDLE_EXECUTABLE_FOLDER_PATH)/GrckiKino";
			};
			name = Release;
		};
		7ED0479E2C4A8027004DB2F9 /* Debug */ = {
			isa = XCBuildConfiguration;
			buildSettings = {
				ALWAYS_SEARCH_USER_PATHS = NO;
				ASSETCATALOG_COMPILER_GENERATE_SWIFT_ASSET_SYMBOL_EXTENSIONS = YES;
				CLANG_ANALYZER_NONNULL = YES;
				CLANG_ANALYZER_NUMBER_OBJECT_CONVERSION = YES_AGGRESSIVE;
				CLANG_CXX_LANGUAGE_STANDARD = "gnu++20";
				CLANG_ENABLE_MODULES = YES;
				CLANG_ENABLE_OBJC_ARC = YES;
				CLANG_ENABLE_OBJC_WEAK = YES;
				CLANG_WARN_BLOCK_CAPTURE_AUTORELEASING = YES;
				CLANG_WARN_BOOL_CONVERSION = YES;
				CLANG_WARN_COMMA = YES;
				CLANG_WARN_CONSTANT_CONVERSION = YES;
				CLANG_WARN_DEPRECATED_OBJC_IMPLEMENTATIONS = YES;
				CLANG_WARN_DIRECT_OBJC_ISA_USAGE = YES_ERROR;
				CLANG_WARN_DOCUMENTATION_COMMENTS = YES;
				CLANG_WARN_EMPTY_BODY = YES;
				CLANG_WARN_ENUM_CONVERSION = YES;
				CLANG_WARN_INFINITE_RECURSION = YES;
				CLANG_WARN_INT_CONVERSION = YES;
				CLANG_WARN_NON_LITERAL_NULL_CONVERSION = YES;
				CLANG_WARN_OBJC_IMPLICIT_RETAIN_SELF = YES;
				CLANG_WARN_OBJC_LITERAL_CONVERSION = YES;
				CLANG_WARN_OBJC_ROOT_CLASS = YES_ERROR;
				CLANG_WARN_QUOTED_INCLUDE_IN_FRAMEWORK_HEADER = YES;
				CLANG_WARN_RANGE_LOOP_ANALYSIS = YES;
				CLANG_WARN_STRICT_PROTOTYPES = YES;
				CLANG_WARN_SUSPICIOUS_MOVE = YES;
				CLANG_WARN_UNGUARDED_AVAILABILITY = YES_AGGRESSIVE;
				CLANG_WARN_UNREACHABLE_CODE = YES;
				CLANG_WARN__DUPLICATE_METHOD_MATCH = YES;
				COPY_PHASE_STRIP = NO;
				DEBUG_INFORMATION_FORMAT = dwarf;
				ENABLE_STRICT_OBJC_MSGSEND = YES;
				ENABLE_TESTABILITY = YES;
				ENABLE_USER_SCRIPT_SANDBOXING = YES;
				GCC_C_LANGUAGE_STANDARD = gnu17;
				GCC_DYNAMIC_NO_PIC = NO;
				GCC_NO_COMMON_BLOCKS = YES;
				GCC_OPTIMIZATION_LEVEL = 0;
				GCC_PREPROCESSOR_DEFINITIONS = (
					"DEBUG=1",
					"$(inherited)",
				);
				GCC_WARN_64_TO_32_BIT_CONVERSION = YES;
				GCC_WARN_ABOUT_RETURN_TYPE = YES_ERROR;
				GCC_WARN_UNDECLARED_SELECTOR = YES;
				GCC_WARN_UNINITIALIZED_AUTOS = YES_AGGRESSIVE;
				GCC_WARN_UNUSED_FUNCTION = YES;
				GCC_WARN_UNUSED_VARIABLE = YES;
				IPHONEOS_DEPLOYMENT_TARGET = 17.5;
				LOCALIZATION_PREFERS_STRING_CATALOGS = YES;
				MTL_ENABLE_DEBUG_INFO = INCLUDE_SOURCE;
				MTL_FAST_MATH = YES;
				ONLY_ACTIVE_ARCH = YES;
				SDKROOT = iphoneos;
				SWIFT_ACTIVE_COMPILATION_CONDITIONS = "DEBUG $(inherited)";
				SWIFT_OPTIMIZATION_LEVEL = "-Onone";
			};
			name = Debug;
		};
		7ED0479F2C4A8027004DB2F9 /* Release */ = {
			isa = XCBuildConfiguration;
			buildSettings = {
				ALWAYS_SEARCH_USER_PATHS = NO;
				ASSETCATALOG_COMPILER_GENERATE_SWIFT_ASSET_SYMBOL_EXTENSIONS = YES;
				CLANG_ANALYZER_NONNULL = YES;
				CLANG_ANALYZER_NUMBER_OBJECT_CONVERSION = YES_AGGRESSIVE;
				CLANG_CXX_LANGUAGE_STANDARD = "gnu++20";
				CLANG_ENABLE_MODULES = YES;
				CLANG_ENABLE_OBJC_ARC = YES;
				CLANG_ENABLE_OBJC_WEAK = YES;
				CLANG_WARN_BLOCK_CAPTURE_AUTORELEASING = YES;
				CLANG_WARN_BOOL_CONVERSION = YES;
				CLANG_WARN_COMMA = YES;
				CLANG_WARN_CONSTANT_CONVERSION = YES;
				CLANG_WARN_DEPRECATED_OBJC_IMPLEMENTATIONS = YES;
				CLANG_WARN_DIRECT_OBJC_ISA_USAGE = YES_ERROR;
				CLANG_WARN_DOCUMENTATION_COMMENTS = YES;
				CLANG_WARN_EMPTY_BODY = YES;
				CLANG_WARN_ENUM_CONVERSION = YES;
				CLANG_WARN_INFINITE_RECURSION = YES;
				CLANG_WARN_INT_CONVERSION = YES;
				CLANG_WARN_NON_LITERAL_NULL_CONVERSION = YES;
				CLANG_WARN_OBJC_IMPLICIT_RETAIN_SELF = YES;
				CLANG_WARN_OBJC_LITERAL_CONVERSION = YES;
				CLANG_WARN_OBJC_ROOT_CLASS = YES_ERROR;
				CLANG_WARN_QUOTED_INCLUDE_IN_FRAMEWORK_HEADER = YES;
				CLANG_WARN_RANGE_LOOP_ANALYSIS = YES;
				CLANG_WARN_STRICT_PROTOTYPES = YES;
				CLANG_WARN_SUSPICIOUS_MOVE = YES;
				CLANG_WARN_UNGUARDED_AVAILABILITY = YES_AGGRESSIVE;
				CLANG_WARN_UNREACHABLE_CODE = YES;
				CLANG_WARN__DUPLICATE_METHOD_MATCH = YES;
				COPY_PHASE_STRIP = NO;
				DEBUG_INFORMATION_FORMAT = "dwarf-with-dsym";
				ENABLE_NS_ASSERTIONS = NO;
				ENABLE_STRICT_OBJC_MSGSEND = YES;
				ENABLE_USER_SCRIPT_SANDBOXING = YES;
				GCC_C_LANGUAGE_STANDARD = gnu17;
				GCC_NO_COMMON_BLOCKS = YES;
				GCC_WARN_64_TO_32_BIT_CONVERSION = YES;
				GCC_WARN_ABOUT_RETURN_TYPE = YES_ERROR;
				GCC_WARN_UNDECLARED_SELECTOR = YES;
				GCC_WARN_UNINITIALIZED_AUTOS = YES_AGGRESSIVE;
				GCC_WARN_UNUSED_FUNCTION = YES;
				GCC_WARN_UNUSED_VARIABLE = YES;
				IPHONEOS_DEPLOYMENT_TARGET = 17.5;
				LOCALIZATION_PREFERS_STRING_CATALOGS = YES;
				MTL_ENABLE_DEBUG_INFO = NO;
				MTL_FAST_MATH = YES;
				SDKROOT = iphoneos;
				SWIFT_COMPILATION_MODE = wholemodule;
				VALIDATE_PRODUCT = YES;
			};
			name = Release;
		};
		7ED047A12C4A8027004DB2F9 /* Debug */ = {
			isa = XCBuildConfiguration;
			buildSettings = {
				ASSETCATALOG_COMPILER_APPICON_NAME = AppIcon;
				ASSETCATALOG_COMPILER_GLOBAL_ACCENT_COLOR_NAME = AccentColor;
				CODE_SIGN_IDENTITY = "Apple Development";
				CODE_SIGN_STYLE = Automatic;
				CURRENT_PROJECT_VERSION = 20;
				DEVELOPMENT_ASSET_PATHS = "\"GrckiKino/Preview Content\"";
				DEVELOPMENT_TEAM = E5FYD94489;
				ENABLE_PREVIEWS = YES;
				GENERATE_INFOPLIST_FILE = YES;
				INFOPLIST_FILE = GrckiKino/Info.plist;
				INFOPLIST_KEY_CFBundleDisplayName = "Grcki Kino";
				INFOPLIST_KEY_LSApplicationCategoryType = "public.app-category.casino-games";
				INFOPLIST_KEY_UIApplicationSceneManifest_Generation = YES;
				INFOPLIST_KEY_UIApplicationSupportsIndirectInputEvents = YES;
				INFOPLIST_KEY_UILaunchScreen_Generation = YES;
				INFOPLIST_KEY_UILaunchStoryboardName = "Launch Screen.storyboard";
				INFOPLIST_KEY_UIStatusBarStyle = UIStatusBarStyleLightContent;
				INFOPLIST_KEY_UISupportedInterfaceOrientations = UIInterfaceOrientationPortrait;
				INFOPLIST_KEY_UISupportedInterfaceOrientations_iPad = "UIInterfaceOrientationLandscapeLeft UIInterfaceOrientationLandscapeRight UIInterfaceOrientationPortrait UIInterfaceOrientationPortraitUpsideDown";
				IPHONEOS_DEPLOYMENT_TARGET = 17.0;
				LD_RUNPATH_SEARCH_PATHS = (
					"$(inherited)",
					"@executable_path/Frameworks",
				);
				MARKETING_VERSION = 1.0.0;
				PRODUCT_BUNDLE_IDENTIFIER = com.lazar89nis.GrckiKino;
				PRODUCT_NAME = "$(TARGET_NAME)";
				PROVISIONING_PROFILE_SPECIFIER = "";
				SUPPORTED_PLATFORMS = "iphoneos iphonesimulator";
				SUPPORTS_MACCATALYST = NO;
				SUPPORTS_MAC_DESIGNED_FOR_IPHONE_IPAD = NO;
				SUPPORTS_XR_DESIGNED_FOR_IPHONE_IPAD = NO;
				SWIFT_EMIT_LOC_STRINGS = YES;
				SWIFT_VERSION = 5.0;
				TARGETED_DEVICE_FAMILY = 1;
			};
			name = Debug;
		};
		7ED047A22C4A8027004DB2F9 /* Release */ = {
			isa = XCBuildConfiguration;
			buildSettings = {
				ASSETCATALOG_COMPILER_APPICON_NAME = AppIcon;
				ASSETCATALOG_COMPILER_GLOBAL_ACCENT_COLOR_NAME = AccentColor;
				CODE_SIGN_IDENTITY = "Apple Development";
				"CODE_SIGN_IDENTITY[sdk=iphoneos*]" = "iPhone Distribution";
				CODE_SIGN_STYLE = Manual;
				CURRENT_PROJECT_VERSION = 20;
				DEVELOPMENT_ASSET_PATHS = "\"GrckiKino/Preview Content\"";
				DEVELOPMENT_TEAM = "";
				"DEVELOPMENT_TEAM[sdk=iphoneos*]" = E5FYD94489;
				ENABLE_PREVIEWS = YES;
				GENERATE_INFOPLIST_FILE = YES;
				INFOPLIST_FILE = GrckiKino/Info.plist;
				INFOPLIST_KEY_CFBundleDisplayName = "Grcki Kino";
				INFOPLIST_KEY_LSApplicationCategoryType = "public.app-category.casino-games";
				INFOPLIST_KEY_UIApplicationSceneManifest_Generation = YES;
				INFOPLIST_KEY_UIApplicationSupportsIndirectInputEvents = YES;
				INFOPLIST_KEY_UILaunchScreen_Generation = YES;
				INFOPLIST_KEY_UILaunchStoryboardName = "Launch Screen.storyboard";
				INFOPLIST_KEY_UIStatusBarStyle = UIStatusBarStyleLightContent;
				INFOPLIST_KEY_UISupportedInterfaceOrientations = UIInterfaceOrientationPortrait;
				INFOPLIST_KEY_UISupportedInterfaceOrientations_iPad = "UIInterfaceOrientationLandscapeLeft UIInterfaceOrientationLandscapeRight UIInterfaceOrientationPortrait UIInterfaceOrientationPortraitUpsideDown";
				IPHONEOS_DEPLOYMENT_TARGET = 17.0;
				LD_RUNPATH_SEARCH_PATHS = (
					"$(inherited)",
					"@executable_path/Frameworks",
				);
				MARKETING_VERSION = 1.0.0;
				PRODUCT_BUNDLE_IDENTIFIER = com.lazar89nis.GrckiKino;
				PRODUCT_NAME = "$(TARGET_NAME)";
				PROVISIONING_PROFILE_SPECIFIER = "";
				"PROVISIONING_PROFILE_SPECIFIER[sdk=iphoneos*]" = "match AppStore com.lazar89nis.GrckiKino";
				SUPPORTED_PLATFORMS = "iphoneos iphonesimulator";
				SUPPORTS_MACCATALYST = NO;
				SUPPORTS_MAC_DESIGNED_FOR_IPHONE_IPAD = NO;
				SUPPORTS_XR_DESIGNED_FOR_IPHONE_IPAD = NO;
				SWIFT_EMIT_LOC_STRINGS = YES;
				SWIFT_VERSION = 5.0;
				TARGETED_DEVICE_FAMILY = 1;
			};
			name = Release;
		};
/* End XCBuildConfiguration section */

/* Begin XCConfigurationList section */
		7E28635E2C59093B00B87572 /* Build configuration list for PBXNativeTarget "GrckiKinoTests" */ = {
			isa = XCConfigurationList;
			buildConfigurations = (
				7E28635C2C59093B00B87572 /* Debug */,
				7E28635D2C59093B00B87572 /* Release */,
			);
			defaultConfigurationIsVisible = 0;
			defaultConfigurationName = Release;
		};
		7ED0478D2C4A8026004DB2F9 /* Build configuration list for PBXProject "GrckiKino" */ = {
			isa = XCConfigurationList;
			buildConfigurations = (
				7ED0479E2C4A8027004DB2F9 /* Debug */,
				7ED0479F2C4A8027004DB2F9 /* Release */,
			);
			defaultConfigurationIsVisible = 0;
			defaultConfigurationName = Release;
		};
		7ED047A02C4A8027004DB2F9 /* Build configuration list for PBXNativeTarget "GrckiKino" */ = {
			isa = XCConfigurationList;
			buildConfigurations = (
				7ED047A12C4A8027004DB2F9 /* Debug */,
				7ED047A22C4A8027004DB2F9 /* Release */,
			);
			defaultConfigurationIsVisible = 0;
			defaultConfigurationName = Release;
		};
/* End XCConfigurationList section */

/* Begin XCRemoteSwiftPackageReference section */
		7EBE9C152C4B1B8100C1989F /* XCRemoteSwiftPackageReference "AlertToast" */ = {
			isa = XCRemoteSwiftPackageReference;
			repositoryURL = "https://github.com/elai950/AlertToast.git";
			requirement = {
				kind = upToNextMajorVersion;
				minimumVersion = 1.3.9;
			};
		};
		7EE6F40C2C4A933F00A17D77 /* XCRemoteSwiftPackageReference "R" */ = {
			isa = XCRemoteSwiftPackageReference;
			repositoryURL = "https://github.com/mac-cain13/R.swift";
			requirement = {
				kind = upToNextMajorVersion;
				minimumVersion = 7.5.0;
			};
		};
		7EE6F4212C4A9F8200A17D77 /* XCRemoteSwiftPackageReference "Alamofire" */ = {
			isa = XCRemoteSwiftPackageReference;
			repositoryURL = "https://github.com/Alamofire/Alamofire.git";
			requirement = {
				kind = upToNextMajorVersion;
				minimumVersion = 5.9.1;
			};
		};
		7EE6F4272C4A9FDA00A17D77 /* XCRemoteSwiftPackageReference "SwiftyJSON" */ = {
			isa = XCRemoteSwiftPackageReference;
			repositoryURL = "https://github.com/SwiftyJSON/SwiftyJSON.git";
			requirement = {
				kind = upToNextMajorVersion;
				minimumVersion = 5.0.2;
			};
		};
/* End XCRemoteSwiftPackageReference section */

/* Begin XCSwiftPackageProductDependency section */
		7E3648472C59A77500D7052B /* RswiftLibrary */ = {
			isa = XCSwiftPackageProductDependency;
			package = 7EE6F40C2C4A933F00A17D77 /* XCRemoteSwiftPackageReference "R" */;
			productName = RswiftLibrary;
		};
		7EBE9C162C4B1B8100C1989F /* AlertToast */ = {
			isa = XCSwiftPackageProductDependency;
			package = 7EBE9C152C4B1B8100C1989F /* XCRemoteSwiftPackageReference "AlertToast" */;
			productName = AlertToast;
		};
		7EE6F40F2C4A93C300A17D77 /* RswiftGenerateInternalResources */ = {
			isa = XCSwiftPackageProductDependency;
			package = 7EE6F40C2C4A933F00A17D77 /* XCRemoteSwiftPackageReference "R" */;
			productName = "plugin:RswiftGenerateInternalResources";
		};
		7EE6F4222C4A9F8300A17D77 /* Alamofire */ = {
			isa = XCSwiftPackageProductDependency;
			package = 7EE6F4212C4A9F8200A17D77 /* XCRemoteSwiftPackageReference "Alamofire" */;
			productName = Alamofire;
		};
		7EE6F4282C4A9FDA00A17D77 /* SwiftyJSON */ = {
			isa = XCSwiftPackageProductDependency;
			package = 7EE6F4272C4A9FDA00A17D77 /* XCRemoteSwiftPackageReference "SwiftyJSON" */;
			productName = SwiftyJSON;
		};
/* End XCSwiftPackageProductDependency section */
	};
	rootObject = 7ED0478A2C4A8026004DB2F9 /* Project object */;
}
